
Microsoft Visual Studio Solution File, Format Version 12.00
# Visual Studio Version 16
VisualStudioVersion = 16.0.28917.181
MinimumVisualStudioVersion = 10.0.40219.1
Project("{FAE04EC0-301F-11D3-BF4B-00C04F79EFBC}") = "Metro Rail Management System", "Metro Rail Management System.csproj", "{1CFCD9BF-A607-4EB3-9D40-B247AA70048D}"
EndProject
Global
	GlobalSection(SolutionConfigurationPlatforms) = preSolution
		Debug|Any CPU = Debug|Any CPU
		Release|Any CPU = Release|Any CPU
	EndGlobalSection
	GlobalSection(ProjectConfigurationPlatforms) = postSolution
		{1CFCD9BF-A607-4EB3-9D40-B247AA70048D}.Debug|Any CPU.ActiveCfg = Debug|Any CPU
		{1CFCD9BF-A607-4EB3-9D40-B247AA70048D}.Debug|Any CPU.Build.0 = Debug|Any CPU
		{1CFCD9BF-A607-4EB3-9D40-B247AA70048D}.Release|Any CPU.ActiveCfg = Release|Any CPU
		{1CFCD9BF-A607-4EB3-9D40-B247AA70048D}.Release|Any CPU.Build.0 = Release|Any CPU
	EndGlobalSection
	GlobalSection(SolutionProperties) = preSolution
		HideSolutionNode = FALSE
	EndGlobalSection
	GlobalSection(ExtensibilityGlobals) = postSolution
		SolutionGuid = {BAC8F4E8-6F34-47DE-956A-5A1706E3AECA}
	EndGlobalSection
EndGlobal
